// !$*UTF8*$!
{
	archiveVersion = 1;
	classes = {
	};
	objectVersion = 46;
	objects = {

/* Begin PBXBuildFile section */
		7F033EA31D4AF70600F04160 /* main.m in Sources */ = {isa = PBXBuildFile; fileRef = 7F033EA21D4AF70600F04160 /* main.m */; };
		7F033EA61D4AF70600F04160 /* AppDelegate.m in Sources */ = {isa = PBXBuildFile; fileRef = 7F033EA51D4AF70600F04160 /* AppDelegate.m */; };
		7F033EAE1D4AF70600F04160 /* Assets.xcassets in Resources */ = {isa = PBXBuildFile; fileRef = 7F033EAD1D4AF70600F04160 /* Assets.xcassets */; };
		7F033EB11D4AF70600F04160 /* LaunchScreen.storyboard in Resources */ = {isa = PBXBuildFile; fileRef = 7F033EAF1D4AF70600F04160 /* LaunchScreen.storyboard */; };
		7F033EE51D4AF7E900F04160 /* MJRefreshAutoFooter.m in Sources */ = {isa = PBXBuildFile; fileRef = 7F033EBB1D4AF7E900F04160 /* MJRefreshAutoFooter.m */; };
		7F033EE61D4AF7E900F04160 /* MJRefreshBackFooter.m in Sources */ = {isa = PBXBuildFile; fileRef = 7F033EBD1D4AF7E900F04160 /* MJRefreshBackFooter.m */; };
		7F033EE71D4AF7E900F04160 /* MJRefreshComponent.m in Sources */ = {isa = PBXBuildFile; fileRef = 7F033EBF1D4AF7E900F04160 /* MJRefreshComponent.m */; };
		7F033EE81D4AF7E900F04160 /* MJRefreshFooter.m in Sources */ = {isa = PBXBuildFile; fileRef = 7F033EC11D4AF7E900F04160 /* MJRefreshFooter.m */; };
		7F033EE91D4AF7E900F04160 /* MJRefreshHeader.m in Sources */ = {isa = PBXBuildFile; fileRef = 7F033EC31D4AF7E900F04160 /* MJRefreshHeader.m */; };
		7F033EEA1D4AF7E900F04160 /* MJRefreshAutoGifFooter.m in Sources */ = {isa = PBXBuildFile; fileRef = 7F033EC81D4AF7E900F04160 /* MJRefreshAutoGifFooter.m */; };
		7F033EEB1D4AF7E900F04160 /* MJRefreshAutoNormalFooter.m in Sources */ = {isa = PBXBuildFile; fileRef = 7F033ECA1D4AF7E900F04160 /* MJRefreshAutoNormalFooter.m */; };
		7F033EEC1D4AF7E900F04160 /* MJRefreshAutoStateFooter.m in Sources */ = {isa = PBXBuildFile; fileRef = 7F033ECC1D4AF7E900F04160 /* MJRefreshAutoStateFooter.m */; };
		7F033EED1D4AF7E900F04160 /* MJRefreshBackGifFooter.m in Sources */ = {isa = PBXBuildFile; fileRef = 7F033ECF1D4AF7E900F04160 /* MJRefreshBackGifFooter.m */; };
		7F033EEE1D4AF7E900F04160 /* MJRefreshBackNormalFooter.m in Sources */ = {isa = PBXBuildFile; fileRef = 7F033ED11D4AF7E900F04160 /* MJRefreshBackNormalFooter.m */; };
		7F033EEF1D4AF7E900F04160 /* MJRefreshBackStateFooter.m in Sources */ = {isa = PBXBuildFile; fileRef = 7F033ED31D4AF7E900F04160 /* MJRefreshBackStateFooter.m */; };
		7F033EF01D4AF7E900F04160 /* MJRefreshGifHeader.m in Sources */ = {isa = PBXBuildFile; fileRef = 7F033ED61D4AF7E900F04160 /* MJRefreshGifHeader.m */; };
		7F033EF11D4AF7E900F04160 /* MJRefreshNormalHeader.m in Sources */ = {isa = PBXBuildFile; fileRef = 7F033ED81D4AF7E900F04160 /* MJRefreshNormalHeader.m */; };
		7F033EF21D4AF7E900F04160 /* MJRefreshStateHeader.m in Sources */ = {isa = PBXBuildFile; fileRef = 7F033EDA1D4AF7E900F04160 /* MJRefreshStateHeader.m */; };
		7F033EF31D4AF7E900F04160 /* MJRefresh.bundle in Resources */ = {isa = PBXBuildFile; fileRef = 7F033EDB1D4AF7E900F04160 /* MJRefresh.bundle */; };
		7F033EF41D4AF7E900F04160 /* MJRefreshConst.m in Sources */ = {isa = PBXBuildFile; fileRef = 7F033EDE1D4AF7E900F04160 /* MJRefreshConst.m */; };
		7F033EF51D4AF7E900F04160 /* UIScrollView+MJExtension.m in Sources */ = {isa = PBXBuildFile; fileRef = 7F033EE01D4AF7E900F04160 /* UIScrollView+MJExtension.m */; };
		7F033EF61D4AF7E900F04160 /* UIScrollView+MJRefresh.m in Sources */ = {isa = PBXBuildFile; fileRef = 7F033EE21D4AF7E900F04160 /* UIScrollView+MJRefresh.m */; };
		7F033EF71D4AF7E900F04160 /* UIView+MJExtension.m in Sources */ = {isa = PBXBuildFile; fileRef = 7F033EE41D4AF7E900F04160 /* UIView+MJExtension.m */; };
		7F033EFA1D4AFC5700F04160 /* LAHWebViewController.m in Sources */ = {isa = PBXBuildFile; fileRef = 7F033EF91D4AFC5700F04160 /* LAHWebViewController.m */; };
		7F033EFE1D4B331400F04160 /* UIView+WalkerExtension.m in Sources */ = {isa = PBXBuildFile; fileRef = 7F033EFD1D4B331400F04160 /* UIView+WalkerExtension.m */; };
/* End PBXBuildFile section */

/* Begin PBXFileReference section */
		7F033E9E1D4AF70600F04160 /* MJRefreshExerciseDemo.app */ = {isa = PBXFileReference; explicitFileType = wrapper.application; includeInIndex = 0; path = MJRefreshExerciseDemo.app; sourceTree = BUILT_PRODUCTS_DIR; };
		7F033EA21D4AF70600F04160 /* main.m */ = {isa = PBXFileReference; lastKnownFileType = sourcecode.c.objc; path = main.m; sourceTree = "<group>"; };
		7F033EA41D4AF70600F04160 /* AppDelegate.h */ = {isa = PBXFileReference; lastKnownFileType = sourcecode.c.h; path = AppDelegate.h; sourceTree = "<group>"; };
		7F033EA51D4AF70600F04160 /* AppDelegate.m */ = {isa = PBXFileReference; lastKnownFileType = sourcecode.c.objc; path = AppDelegate.m; sourceTree = "<group>"; };
		7F033EAD1D4AF70600F04160 /* Assets.xcassets */ = {isa = PBXFileReference; lastKnownFileType = folder.assetcatalog; path = Assets.xcassets; sourceTree = "<group>"; };
		7F033EB01D4AF70600F04160 /* Base */ = {isa = PBXFileReference; lastKnownFileType = file.storyboard; name = Base; path = Base.lproj/LaunchScreen.storyboard; sourceTree = "<group>"; };
		7F033EB21D4AF70600F04160 /* Info.plist */ = {isa = PBXFileReference; lastKnownFileType = text.plist.xml; path = Info.plist; sourceTree = "<group>"; };
		7F033EBA1D4AF7E900F04160 /* MJRefreshAutoFooter.h */ = {isa = PBXFileReference; fileEncoding = 4; lastKnownFileType = sourcecode.c.h; path = MJRefreshAutoFooter.h; sourceTree = "<group>"; };
		7F033EBB1D4AF7E900F04160 /* MJRefreshAutoFooter.m */ = {isa = PBXFileReference; fileEncoding = 4; lastKnownFileType = sourcecode.c.objc; path = MJRefreshAutoFooter.m; sourceTree = "<group>"; };
		7F033EBC1D4AF7E900F04160 /* MJRefreshBackFooter.h */ = {isa = PBXFileReference; fileEncoding = 4; lastKnownFileType = sourcecode.c.h; path = MJRefreshBackFooter.h; sourceTree = "<group>"; };
		7F033EBD1D4AF7E900F04160 /* MJRefreshBackFooter.m */ = {isa = PBXFileReference; fileEncoding = 4; lastKnownFileType = sourcecode.c.objc; path = MJRefreshBackFooter.m; sourceTree = "<group>"; };
		7F033EBE1D4AF7E900F04160 /* MJRefreshComponent.h */ = {isa = PBXFileReference; fileEncoding = 4; lastKnownFileType = sourcecode.c.h; path = MJRefreshComponent.h; sourceTree = "<group>"; };
		7F033EBF1D4AF7E900F04160 /* MJRefreshComponent.m */ = {isa = PBXFileReference; fileEncoding = 4; lastKnownFileType = sourcecode.c.objc; path = MJRefreshComponent.m; sourceTree = "<group>"; };
		7F033EC01D4AF7E900F04160 /* MJRefreshFooter.h */ = {isa = PBXFileReference; fileEncoding = 4; lastKnownFileType = sourcecode.c.h; path = MJRefreshFooter.h; sourceTree = "<group>"; };
		7F033EC11D4AF7E900F04160 /* MJRefreshFooter.m */ = {isa = PBXFileReference; fileEncoding = 4; lastKnownFileType = sourcecode.c.objc; path = MJRefreshFooter.m; sourceTree = "<group>"; };
		7F033EC21D4AF7E900F04160 /* MJRefreshHeader.h */ = {isa = PBXFileReference; fileEncoding = 4; lastKnownFileType = sourcecode.c.h; path = MJRefreshHeader.h; sourceTree = "<group>"; };
		7F033EC31D4AF7E900F04160 /* MJRefreshHeader.m */ = {isa = PBXFileReference; fileEncoding = 4; lastKnownFileType = sourcecode.c.objc; path = MJRefreshHeader.m; sourceTree = "<group>"; };
		7F033EC71D4AF7E900F04160 /* MJRefreshAutoGifFooter.h */ = {isa = PBXFileReference; fileEncoding = 4; lastKnownFileType = sourcecode.c.h; path = MJRefreshAutoGifFooter.h; sourceTree = "<group>"; };
		7F033EC81D4AF7E900F04160 /* MJRefreshAutoGifFooter.m */ = {isa = PBXFileReference; fileEncoding = 4; lastKnownFileType = sourcecode.c.objc; path = MJRefreshAutoGifFooter.m; sourceTree = "<group>"; };
		7F033EC91D4AF7E900F04160 /* MJRefreshAutoNormalFooter.h */ = {isa = PBXFileReference; fileEncoding = 4; lastKnownFileType = sourcecode.c.h; path = MJRefreshAutoNormalFooter.h; sourceTree = "<group>"; };
		7F033ECA1D4AF7E900F04160 /* MJRefreshAutoNormalFooter.m */ = {isa = PBXFileReference; fileEncoding = 4; lastKnownFileType = sourcecode.c.objc; path = MJRefreshAutoNormalFooter.m; sourceTree = "<group>"; };
		7F033ECB1D4AF7E900F04160 /* MJRefreshAutoStateFooter.h */ = {isa = PBXFileReference; fileEncoding = 4; lastKnownFileType = sourcecode.c.h; path = MJRefreshAutoStateFooter.h; sourceTree = "<group>"; };
		7F033ECC1D4AF7E900F04160 /* MJRefreshAutoStateFooter.m */ = {isa = PBXFileReference; fileEncoding = 4; lastKnownFileType = sourcecode.c.objc; path = MJRefreshAutoStateFooter.m; sourceTree = "<group>"; };
		7F033ECE1D4AF7E900F04160 /* MJRefreshBackGifFooter.h */ = {isa = PBXFileReference; fileEncoding = 4; lastKnownFileType = sourcecode.c.h; path = MJRefreshBackGifFooter.h; sourceTree = "<group>"; };
		7F033ECF1D4AF7E900F04160 /* MJRefreshBackGifFooter.m */ = {isa = PBXFileReference; fileEncoding = 4; lastKnownFileType = sourcecode.c.objc; path = MJRefreshBackGifFooter.m; sourceTree = "<group>"; };
		7F033ED01D4AF7E900F04160 /* MJRefreshBackNormalFooter.h */ = {isa = PBXFileReference; fileEncoding = 4; lastKnownFileType = sourcecode.c.h; path = MJRefreshBackNormalFooter.h; sourceTree = "<group>"; };
		7F033ED11D4AF7E900F04160 /* MJRefreshBackNormalFooter.m */ = {isa = PBXFileReference; fileEncoding = 4; lastKnownFileType = sourcecode.c.objc; path = MJRefreshBackNormalFooter.m; sourceTree = "<group>"; };
		7F033ED21D4AF7E900F04160 /* MJRefreshBackStateFooter.h */ = {isa = PBXFileReference; fileEncoding = 4; lastKnownFileType = sourcecode.c.h; path = MJRefreshBackStateFooter.h; sourceTree = "<group>"; };
		7F033ED31D4AF7E900F04160 /* MJRefreshBackStateFooter.m */ = {isa = PBXFileReference; fileEncoding = 4; lastKnownFileType = sourcecode.c.objc; path = MJRefreshBackStateFooter.m; sourceTree = "<group>"; };
		7F033ED51D4AF7E900F04160 /* MJRefreshGifHeader.h */ = {isa = PBXFileReference; fileEncoding = 4; lastKnownFileType = sourcecode.c.h; path = MJRefreshGifHeader.h; sourceTree = "<group>"; };
		7F033ED61D4AF7E900F04160 /* MJRefreshGifHeader.m */ = {isa = PBXFileReference; fileEncoding = 4; lastKnownFileType = sourcecode.c.objc; path = MJRefreshGifHeader.m; sourceTree = "<group>"; };
		7F033ED71D4AF7E900F04160 /* MJRefreshNormalHeader.h */ = {isa = PBXFileReference; fileEncoding = 4; lastKnownFileType = sourcecode.c.h; path = MJRefreshNormalHeader.h; sourceTree = "<group>"; };
		7F033ED81D4AF7E900F04160 /* MJRefreshNormalHeader.m */ = {isa = PBXFileReference; fileEncoding = 4; lastKnownFileType = sourcecode.c.objc; path = MJRefreshNormalHeader.m; sourceTree = "<group>"; };
		7F033ED91D4AF7E900F04160 /* MJRefreshStateHeader.h */ = {isa = PBXFileReference; fileEncoding = 4; lastKnownFileType = sourcecode.c.h; path = MJRefreshStateHeader.h; sourceTree = "<group>"; };
		7F033EDA1D4AF7E900F04160 /* MJRefreshStateHeader.m */ = {isa = PBXFileReference; fileEncoding = 4; lastKnownFileType = sourcecode.c.objc; path = MJRefreshStateHeader.m; sourceTree = "<group>"; };
		7F033EDB1D4AF7E900F04160 /* MJRefresh.bundle */ = {isa = PBXFileReference; lastKnownFileType = "wrapper.plug-in"; path = MJRefresh.bundle; sourceTree = "<group>"; };
		7F033EDC1D4AF7E900F04160 /* MJRefresh.h */ = {isa = PBXFileReference; fileEncoding = 4; lastKnownFileType = sourcecode.c.h; path = MJRefresh.h; sourceTree = "<group>"; };
		7F033EDD1D4AF7E900F04160 /* MJRefreshConst.h */ = {isa = PBXFileReference; fileEncoding = 4; lastKnownFileType = sourcecode.c.h; path = MJRefreshConst.h; sourceTree = "<group>"; };
		7F033EDE1D4AF7E900F04160 /* MJRefreshConst.m */ = {isa = PBXFileReference; fileEncoding = 4; lastKnownFileType = sourcecode.c.objc; path = MJRefreshConst.m; sourceTree = "<group>"; };
		7F033EDF1D4AF7E900F04160 /* UIScrollView+MJExtension.h */ = {isa = PBXFileReference; fileEncoding = 4; lastKnownFileType = sourcecode.c.h; path = "UIScrollView+MJExtension.h"; sourceTree = "<group>"; };
		7F033EE01D4AF7E900F04160 /* UIScrollView+MJExtension.m */ = {isa = PBXFileReference; fileEncoding = 4; lastKnownFileType = sourcecode.c.objc; path = "UIScrollView+MJExtension.m"; sourceTree = "<group>"; };
		7F033EE11D4AF7E900F04160 /* UIScrollView+MJRefresh.h */ = {isa = PBXFileReference; fileEncoding = 4; lastKnownFileType = sourcecode.c.h; path = "UIScrollView+MJRefresh.h"; sourceTree = "<group>"; };
		7F033EE21D4AF7E900F04160 /* UIScrollView+MJRefresh.m */ = {isa = PBXFileReference; fileEncoding = 4; lastKnownFileType = sourcecode.c.objc; path = "UIScrollView+MJRefresh.m"; sourceTree = "<group>"; };
		7F033EE31D4AF7E900F04160 /* UIView+MJExtension.h */ = {isa = PBXFileReference; fileEncoding = 4; lastKnownFileType = sourcecode.c.h; path = "UIView+MJExtension.h"; sourceTree = "<group>"; };
		7F033EE41D4AF7E900F04160 /* UIView+MJExtension.m */ = {isa = PBXFileReference; fileEncoding = 4; lastKnownFileType = sourcecode.c.objc; path = "UIView+MJExtension.m"; sourceTree = "<group>"; };
		7F033EF81D4AFC5700F04160 /* LAHWebViewController.h */ = {isa = PBXFileReference; fileEncoding = 4; lastKnownFileType = sourcecode.c.h; path = LAHWebViewController.h; sourceTree = "<group>"; };
		7F033EF91D4AFC5700F04160 /* LAHWebViewController.m */ = {isa = PBXFileReference; fileEncoding = 4; lastKnownFileType = sourcecode.c.objc; path = LAHWebViewController.m; sourceTree = "<group>"; };
		7F033EFC1D4B331400F04160 /* UIView+WalkerExtension.h */ = {isa = PBXFileReference; fileEncoding = 4; lastKnownFileType = sourcecode.c.h; path = "UIView+WalkerExtension.h"; sourceTree = "<group>"; };
		7F033EFD1D4B331400F04160 /* UIView+WalkerExtension.m */ = {isa = PBXFileReference; fileEncoding = 4; lastKnownFileType = sourcecode.c.objc; path = "UIView+WalkerExtension.m"; sourceTree = "<group>"; };
/* End PBXFileReference section */

/* Begin PBXFrameworksBuildPhase section */
		7F033E9B1D4AF70600F04160 /* Frameworks */ = {
			isa = PBXFrameworksBuildPhase;
			buildActionMask = 2147483647;
			files = (
			);
			runOnlyForDeploymentPostprocessing = 0;
		};
/* End PBXFrameworksBuildPhase section */

/* Begin PBXGroup section */
		7F033E951D4AF70600F04160 = {
			isa = PBXGroup;
			children = (
				7F033EA01D4AF70600F04160 /* MJRefreshExerciseDemo */,
				7F033E9F1D4AF70600F04160 /* Products */,
			);
			sourceTree = "<group>";
		};
		7F033E9F1D4AF70600F04160 /* Products */ = {
			isa = PBXGroup;
			children = (
				7F033E9E1D4AF70600F04160 /* MJRefreshExerciseDemo.app */,
			);
			name = Products;
			sourceTree = "<group>";
		};
		7F033EA01D4AF70600F04160 /* MJRefreshExerciseDemo */ = {
			isa = PBXGroup;
			children = (
				7F033EFB1D4B31F700F04160 /* WCRefresh */,
				7F033EB81D4AF7E900F04160 /* MJRefresh */,
				7F033EA41D4AF70600F04160 /* AppDelegate.h */,
				7F033EA51D4AF70600F04160 /* AppDelegate.m */,
				7F033EAD1D4AF70600F04160 /* Assets.xcassets */,
				7F033EAF1D4AF70600F04160 /* LaunchScreen.storyboard */,
				7F033EB21D4AF70600F04160 /* Info.plist */,
				7F033EA11D4AF70600F04160 /* Supporting Files */,
				7F033EF81D4AFC5700F04160 /* LAHWebViewController.h */,
				7F033EF91D4AFC5700F04160 /* LAHWebViewController.m */,
			);
			path = MJRefreshExerciseDemo;
			sourceTree = "<group>";
		};
		7F033EA11D4AF70600F04160 /* Supporting Files */ = {
			isa = PBXGroup;
			children = (
				7F033EA21D4AF70600F04160 /* main.m */,
			);
			name = "Supporting Files";
			sourceTree = "<group>";
		};
		7F033EB81D4AF7E900F04160 /* MJRefresh */ = {
			isa = PBXGroup;
			children = (
				7F033EB91D4AF7E900F04160 /* Base */,
				7F033EC41D4AF7E900F04160 /* Custom */,
				7F033EDB1D4AF7E900F04160 /* MJRefresh.bundle */,
				7F033EDC1D4AF7E900F04160 /* MJRefresh.h */,
				7F033EDD1D4AF7E900F04160 /* MJRefreshConst.h */,
				7F033EDE1D4AF7E900F04160 /* MJRefreshConst.m */,
				7F033EDF1D4AF7E900F04160 /* UIScrollView+MJExtension.h */,
				7F033EE01D4AF7E900F04160 /* UIScrollView+MJExtension.m */,
				7F033EE11D4AF7E900F04160 /* UIScrollView+MJRefresh.h */,
				7F033EE21D4AF7E900F04160 /* UIScrollView+MJRefresh.m */,
				7F033EE31D4AF7E900F04160 /* UIView+MJExtension.h */,
				7F033EE41D4AF7E900F04160 /* UIView+MJExtension.m */,
			);
			path = MJRefresh;
			sourceTree = "<group>";
		};
		7F033EB91D4AF7E900F04160 /* Base */ = {
			isa = PBXGroup;
			children = (
				7F033EBA1D4AF7E900F04160 /* MJRefreshAutoFooter.h */,
				7F033EBB1D4AF7E900F04160 /* MJRefreshAutoFooter.m */,
				7F033EBC1D4AF7E900F04160 /* MJRefreshBackFooter.h */,
				7F033EBD1D4AF7E900F04160 /* MJRefreshBackFooter.m */,
				7F033EBE1D4AF7E900F04160 /* MJRefreshComponent.h */,
				7F033EBF1D4AF7E900F04160 /* MJRefreshComponent.m */,
				7F033EC01D4AF7E900F04160 /* MJRefreshFooter.h */,
				7F033EC11D4AF7E900F04160 /* MJRefreshFooter.m */,
				7F033EC21D4AF7E900F04160 /* MJRefreshHeader.h */,
				7F033EC31D4AF7E900F04160 /* MJRefreshHeader.m */,
			);
			path = Base;
			sourceTree = "<group>";
		};
		7F033EC41D4AF7E900F04160 /* Custom */ = {
			isa = PBXGroup;
			children = (
				7F033EC51D4AF7E900F04160 /* Footer */,
				7F033ED41D4AF7E900F04160 /* Header */,
			);
			path = Custom;
			sourceTree = "<group>";
		};
		7F033EC51D4AF7E900F04160 /* Footer */ = {
			isa = PBXGroup;
			children = (
				7F033EC61D4AF7E900F04160 /* Auto */,
				7F033ECD1D4AF7E900F04160 /* Back */,
			);
			path = Footer;
			sourceTree = "<group>";
		};
		7F033EC61D4AF7E900F04160 /* Auto */ = {
			isa = PBXGroup;
			children = (
				7F033EC71D4AF7E900F04160 /* MJRefreshAutoGifFooter.h */,
				7F033EC81D4AF7E900F04160 /* MJRefreshAutoGifFooter.m */,
				7F033EC91D4AF7E900F04160 /* MJRefreshAutoNormalFooter.h */,
				7F033ECA1D4AF7E900F04160 /* MJRefreshAutoNormalFooter.m */,
				7F033ECB1D4AF7E900F04160 /* MJRefreshAutoStateFooter.h */,
				7F033ECC1D4AF7E900F04160 /* MJRefreshAutoStateFooter.m */,
			);
			path = Auto;
			sourceTree = "<group>";
		};
		7F033ECD1D4AF7E900F04160 /* Back */ = {
			isa = PBXGroup;
			children = (
				7F033ECE1D4AF7E900F04160 /* MJRefreshBackGifFooter.h */,
				7F033ECF1D4AF7E900F04160 /* MJRefreshBackGifFooter.m */,
				7F033ED01D4AF7E900F04160 /* MJRefreshBackNormalFooter.h */,
				7F033ED11D4AF7E900F04160 /* MJRefreshBackNormalFooter.m */,
				7F033ED21D4AF7E900F04160 /* MJRefreshBackStateFooter.h */,
				7F033ED31D4AF7E900F04160 /* MJRefreshBackStateFooter.m */,
			);
			path = Back;
			sourceTree = "<group>";
		};
		7F033ED41D4AF7E900F04160 /* Header */ = {
			isa = PBXGroup;
			children = (
				7F033ED51D4AF7E900F04160 /* MJRefreshGifHeader.h */,
				7F033ED61D4AF7E900F04160 /* MJRefreshGifHeader.m */,
				7F033ED71D4AF7E900F04160 /* MJRefreshNormalHeader.h */,
				7F033ED81D4AF7E900F04160 /* MJRefreshNormalHeader.m */,
				7F033ED91D4AF7E900F04160 /* MJRefreshStateHeader.h */,
				7F033EDA1D4AF7E900F04160 /* MJRefreshStateHeader.m */,
			);
			path = Header;
			sourceTree = "<group>";
		};
		7F033EFB1D4B31F700F04160 /* WCRefresh */ = {
			isa = PBXGroup;
			children = (
				7F033EFC1D4B331400F04160 /* UIView+WalkerExtension.h */,
				7F033EFD1D4B331400F04160 /* UIView+WalkerExtension.m */,
			);
			path = WCRefresh;
			sourceTree = "<group>";
		};
/* End PBXGroup section */

/* Begin PBXNativeTarget section */
		7F033E9D1D4AF70600F04160 /* MJRefreshExerciseDemo */ = {
			isa = PBXNativeTarget;
			buildConfigurationList = 7F033EB51D4AF70600F04160 /* Build configuration list for PBXNativeTarget "MJRefreshExerciseDemo" */;
			buildPhases = (
				7F033E9A1D4AF70600F04160 /* Sources */,
				7F033E9B1D4AF70600F04160 /* Frameworks */,
				7F033E9C1D4AF70600F04160 /* Resources */,
			);
			buildRules = (
			);
			dependencies = (
			);
			name = MJRefreshExerciseDemo;
			productName = MJRefreshExerciseDemo;
			productReference = 7F033E9E1D4AF70600F04160 /* MJRefreshExerciseDemo.app */;
			productType = "com.apple.product-type.application";
		};
/* End PBXNativeTarget section */

/* Begin PBXProject section */
		7F033E961D4AF70600F04160 /* Project object */ = {
			isa = PBXProject;
			attributes = {
				LastUpgradeCheck = 0730;
				ORGANIZATIONNAME = Walker;
				TargetAttributes = {
					7F033E9D1D4AF70600F04160 = {
						CreatedOnToolsVersion = 7.3.1;
						DevelopmentTeam = C73D329KFQ;
					};
				};
			};
			buildConfigurationList = 7F033E991D4AF70600F04160 /* Build configuration list for PBXProject "MJRefreshExerciseDemo" */;
			compatibilityVersion = "Xcode 3.2";
			developmentRegion = English;
			hasScannedForEncodings = 0;
			knownRegions = (
				en,
				Base,
			);
			mainGroup = 7F033E951D4AF70600F04160;
			productRefGroup = 7F033E9F1D4AF70600F04160 /* Products */;
			projectDirPath = "";
			projectRoot = "";
			targets = (
				7F033E9D1D4AF70600F04160 /* MJRefreshExerciseDemo */,
			);
		};
/* End PBXProject section */

/* Begin PBXResourcesBuildPhase section */
		7F033E9C1D4AF70600F04160 /* Resources */ = {
			isa = PBXResourcesBuildPhase;
			buildActionMask = 2147483647;
			files = (
				7F033EB11D4AF70600F04160 /* LaunchScreen.storyboard in Resources */,
				7F033EAE1D4AF70600F04160 /* Assets.xcassets in Resources */,
				7F033EF31D4AF7E900F04160 /* MJRefresh.bundle in Resources */,
			);
			runOnlyForDeploymentPostprocessing = 0;
		};
/* End PBXResourcesBuildPhase section */

/* Begin PBXSourcesBuildPhase section */
		7F033E9A1D4AF70600F04160 /* Sources */ = {
			isa = PBXSourcesBuildPhase;
			buildActionMask = 2147483647;
			files = (
				7F033EEB1D4AF7E900F04160 /* MJRefreshAutoNormalFooter.m in Sources */,
				7F033EEA1D4AF7E900F04160 /* MJRefreshAutoGifFooter.m in Sources */,
				7F033EF01D4AF7E900F04160 /* MJRefreshGifHeader.m in Sources */,
				7F033EA61D4AF70600F04160 /* AppDelegate.m in Sources */,
				7F033EE71D4AF7E900F04160 /* MJRefreshComponent.m in Sources */,
				7F033EE91D4AF7E900F04160 /* MJRefreshHeader.m in Sources */,
				7F033EEF1D4AF7E900F04160 /* MJRefreshBackStateFooter.m in Sources */,
				7F033EF61D4AF7E900F04160 /* UIScrollView+MJRefresh.m in Sources */,
				7F033EF51D4AF7E900F04160 /* UIScrollView+MJExtension.m in Sources */,
				7F033EFA1D4AFC5700F04160 /* LAHWebViewController.m in Sources */,
				7F033EF71D4AF7E900F04160 /* UIView+MJExtension.m in Sources */,
				7F033EE51D4AF7E900F04160 /* MJRefreshAutoFooter.m in Sources */,
				7F033EFE1D4B331400F04160 /* UIView+WalkerExtension.m in Sources */,
				7F033EED1D4AF7E900F04160 /* MJRefreshBackGifFooter.m in Sources */,
				7F033EF11D4AF7E900F04160 /* MJRefreshNormalHeader.m in Sources */,
				7F033EEC1D4AF7E900F04160 /* MJRefreshAutoStateFooter.m in Sources */,
				7F033EE61D4AF7E900F04160 /* MJRefreshBackFooter.m in Sources */,
				7F033EA31D4AF70600F04160 /* main.m in Sources */,
				7F033EF41D4AF7E900F04160 /* MJRefreshConst.m in Sources */,
				7F033EEE1D4AF7E900F04160 /* MJRefreshBackNormalFooter.m in Sources */,
				7F033EF21D4AF7E900F04160 /* MJRefreshStateHeader.m in Sources */,
				7F033EE81D4AF7E900F04160 /* MJRefreshFooter.m in Sources */,
			);
			runOnlyForDeploymentPostprocessing = 0;
		};
/* End PBXSourcesBuildPhase section */

/* Begin PBXVariantGroup section */
		7F033EAF1D4AF70600F04160 /* LaunchScreen.storyboard */ = {
			isa = PBXVariantGroup;
			children = (
				7F033EB01D4AF70600F04160 /* Base */,
			);
			name = LaunchScreen.storyboard;
			sourceTree = "<group>";
		};
/* End PBXVariantGroup section */

/* Begin XCBuildConfiguration section */
		7F033EB31D4AF70600F04160 /* Debug */ = {
			isa = XCBuildConfiguration;
			buildSettings = {
				ALWAYS_SEARCH_USER_PATHS = NO;
				CLANG_ANALYZER_NONNULL = YES;
				CLANG_CXX_LANGUAGE_STANDARD = "gnu++0x";
				CLANG_CXX_LIBRARY = "libc++";
				CLANG_ENABLE_MODULES = YES;
				CLANG_ENABLE_OBJC_ARC = YES;
				CLANG_WARN_BOOL_CONVERSION = YES;
				CLANG_WARN_CONSTANT_CONVERSION = YES;
				CLANG_WARN_DIRECT_OBJC_ISA_USAGE = YES_ERROR;
				CLANG_WARN_EMPTY_BODY = YES;
				CLANG_WARN_ENUM_CONVERSION = YES;
				CLANG_WARN_INT_CONVERSION = YES;
				CLANG_WARN_OBJC_ROOT_CLASS = YES_ERROR;
				CLANG_WARN_UNREACHABLE_CODE = YES;
				CLANG_WARN__DUPLICATE_METHOD_MATCH = YES;
				"CODE_SIGN_IDENTITY[sdk=iphoneos*]" = "iPhone Developer";
				COPY_PHASE_STRIP = NO;
				DEBUG_INFORMATION_FORMAT = dwarf;
				ENABLE_STRICT_OBJC_MSGSEND = YES;
				ENABLE_TESTABILITY = YES;
				GCC_C_LANGUAGE_STANDARD = gnu99;
				GCC_DYNAMIC_NO_PIC = NO;
				GCC_NO_COMMON_BLOCKS = YES;
				GCC_OPTIMIZATION_LEVEL = 0;
				GCC_PREPROCESSOR_DEFINITIONS = (
					"DEBUG=1",
					"$(inherited)",
				);
				GCC_WARN_64_TO_32_BIT_CONVERSION = YES;
				GCC_WARN_ABOUT_RETURN_TYPE = YES_ERROR;
				GCC_WARN_UNDECLARED_SELECTOR = YES;
				GCC_WARN_UNINITIALIZED_AUTOS = YES_AGGRESSIVE;
				GCC_WARN_UNUSED_FUNCTION = YES;
				GCC_WARN_UNUSED_VARIABLE = YES;
				IPHONEOS_DEPLOYMENT_TARGET = 9.3;
				MTL_ENABLE_DEBUG_INFO = YES;
				ONLY_ACTIVE_ARCH = YES;
				SDKROOT = iphoneos;
				TARGETED_DEVICE_FAMILY = "1,2";
			};
			name = Debug;
		};
		7F033EB41D4AF70600F04160 /* Release */ = {
			isa = XCBuildConfiguration;
			buildSettings = {
				ALWAYS_SEARCH_USER_PATHS = NO;
				CLANG_ANALYZER_NONNULL = YES;
				CLANG_CXX_LANGUAGE_STANDARD = "gnu++0x";
				CLANG_CXX_LIBRARY = "libc++";
				CLANG_ENABLE_MODULES = YES;
				CLANG_ENABLE_OBJC_ARC = YES;
				CLANG_WARN_BOOL_CONVERSION = YES;
				CLANG_WARN_CONSTANT_CONVERSION = YES;
				CLANG_WARN_DIRECT_OBJC_ISA_USAGE = YES_ERROR;
				CLANG_WARN_EMPTY_BODY = YES;
				CLANG_WARN_ENUM_CONVERSION = YES;
				CLANG_WARN_INT_CONVERSION = YES;
				CLANG_WARN_OBJC_ROOT_CLASS = YES_ERROR;
				CLANG_WARN_UNREACHABLE_CODE = YES;
				CLANG_WARN__DUPLICATE_METHOD_MATCH = YES;
				"CODE_SIGN_IDENTITY[sdk=iphoneos*]" = "iPhone Developer";
				COPY_PHASE_STRIP = NO;
				DEBUG_INFORMATION_FORMAT = "dwarf-with-dsym";
				ENABLE_NS_ASSERTIONS = NO;
				ENABLE_STRICT_OBJC_MSGSEND = YES;
				GCC_C_LANGUAGE_STANDARD = gnu99;
				GCC_NO_COMMON_BLOCKS = YES;
				GCC_WARN_64_TO_32_BIT_CONVERSION = YES;
				GCC_WARN_ABOUT_RETURN_TYPE = YES_ERROR;
				GCC_WARN_UNDECLARED_SELECTOR = YES;
				GCC_WARN_UNINITIALIZED_AUTOS = YES_AGGRESSIVE;
				GCC_WARN_UNUSED_FUNCTION = YES;
				GCC_WARN_UNUSED_VARIABLE = YES;
				IPHONEOS_DEPLOYMENT_TARGET = 9.3;
				MTL_ENABLE_DEBUG_INFO = NO;
				SDKROOT = iphoneos;
				TARGETED_DEVICE_FAMILY = "1,2";
				VALIDATE_PRODUCT = YES;
			};
			name = Release;
		};
		7F033EB61D4AF70600F04160 /* Debug */ = {
			isa = XCBuildConfiguration;
			buildSettings = {
				ASSETCATALOG_COMPILER_APPICON_NAME = AppIcon;
				INFOPLIST_FILE = MJRefreshExerciseDemo/Info.plist;
				LD_RUNPATH_SEARCH_PATHS = "$(inherited) @executable_path/Frameworks";
				PRODUCT_BUNDLE_IDENTIFIER = com.bushangban.MJRefreshExerciseDemo;
				PRODUCT_NAME = "$(TARGET_NAME)";
			};
			name = Debug;
		};
		7F033EB71D4AF70600F04160 /* Release */ = {
			isa = XCBuildConfiguration;
			buildSettings = {
				ASSETCATALOG_COMPILER_APPICON_NAME = AppIcon;
				INFOPLIST_FILE = MJRefreshExerciseDemo/Info.plist;
				LD_RUNPATH_SEARCH_PATHS = "$(inherited) @executable_path/Frameworks";
				PRODUCT_BUNDLE_IDENTIFIER = com.bushangban.MJRefreshExerciseDemo;
				PRODUCT_NAME = "$(TARGET_NAME)";
			};
			name = Release;
		};
/* End XCBuildConfiguration section */

/* Begin XCConfigurationList section */
		7F033E991D4AF70600F04160 /* Build configuration list for PBXProject "MJRefreshExerciseDemo" */ = {
			isa = XCConfigurationList;
			buildConfigurations = (
				7F033EB31D4AF70600F04160 /* Debug */,
				7F033EB41D4AF70600F04160 /* Release */,
			);
			defaultConfigurationIsVisible = 0;
			defaultConfigurationName = Release;
		};
		7F033EB51D4AF70600F04160 /* Build configuration list for PBXNativeTarget "MJRefreshExerciseDemo" */ = {
			isa = XCConfigurationList;
			buildConfigurations = (
				7F033EB61D4AF70600F04160 /* Debug */,
				7F033EB71D4AF70600F04160 /* Release */,
			);
			defaultConfigurationIsVisible = 0;
		};
/* End XCConfigurationList section */
	};
	rootObject = 7F033E961D4AF70600F04160 /* Project object */;
}
